
Microsoft Visual Studio Solution File, Format Version 12.00
# Visual Studio 2013
VisualStudioVersion = 12.0.31101.0
MinimumVisualStudioVersion = 10.0.40219.1
Project("{8BC9CEB8-8B4A-11D0-8D11-00A0C91BC942}") = "OpenGL", "OpenGL\OpenGL.vcxproj", "{2A25BCF2-B690-4FE5-9CC8-0E2B9B7B338E}"
EndProject
Project("{8BC9CEB8-8B4A-11D0-8D11-00A0C91BC942}") = "OpenGL Tutorial", "OpenGL Tutorial\OpenGL Tutorial.vcxproj", "{650E2C2D-9D26-41AF-8B78-EB190AD83E65}"
EndProject
Global
	GlobalSection(SolutionConfigurationPlatforms) = preSolution
		Debug|Win32 = Debug|Win32
		Release|Win32 = Release|Win32
	EndGlobalSection
	GlobalSection(ProjectConfigurationPlatforms) = postSolution
		{2A25BCF2-B690-4FE5-9CC8-0E2B9B7B338E}.Debug|Win32.ActiveCfg = Debug|Win32
		{2A25BCF2-B690-4FE5-9CC8-0E2B9B7B338E}.Debug|Win32.Build.0 = Debug|Win32
		{2A25BCF2-B690-4FE5-9CC8-0E2B9B7B338E}.Release|Win32.ActiveCfg = Release|Win32
		{2A25BCF2-B690-4FE5-9CC8-0E2B9B7B338E}.Release|Win32.Build.0 = Release|Win32
		{650E2C2D-9D26-41AF-8B78-EB190AD83E65}.Debug|Win32.ActiveCfg = Debug|Win32
		{650E2C2D-9D26-41AF-8B78-EB190AD83E65}.Debug|Win32.Build.0 = Debug|Win32
		{650E2C2D-9D26-41AF-8B78-EB190AD83E65}.Release|Win32.ActiveCfg = Release|Win32
		{650E2C2D-9D26-41AF-8B78-EB190AD83E65}.Release|Win32.Build.0 = Release|Win32
	EndGlobalSection
	GlobalSection(SolutionProperties) = preSolution
		HideSolutionNode = FALSE
	EndGlobalSection
EndGlobal
